
Microsoft Visual Studio Solution File, Format Version 12.00
# Visual Studio Version 17
VisualStudioVersion = 17.6.33815.320
MinimumVisualStudioVersion = 10.0.40219.1
Project("{FAE04EC0-301F-11D3-BF4B-00C04F79EFBC}") = "BookStoreWeb", "BookStoreWeb\BookStoreWeb.csproj", "{7A84C584-08FA-40B1-8AB9-5D952030B39F}"
EndProject
Global
	GlobalSection(SolutionConfigurationPlatforms) = preSolution
		Debug|Any CPU = Debug|Any CPU
		Release|Any CPU = Release|Any CPU
	EndGlobalSection
	GlobalSection(ProjectConfigurationPlatforms) = postSolution
		{7A84C584-08FA-40B1-8AB9-5D952030B39F}.Debug|Any CPU.ActiveCfg = Debug|Any CPU
		{7A84C584-08FA-40B1-8AB9-5D952030B39F}.Debug|Any CPU.Build.0 = Debug|Any CPU
		{7A84C584-08FA-40B1-8AB9-5D952030B39F}.Release|Any CPU.ActiveCfg = Release|Any CPU
		{7A84C584-08FA-40B1-8AB9-5D952030B39F}.Release|Any CPU.Build.0 = Release|Any CPU
	EndGlobalSection
	GlobalSection(SolutionProperties) = preSolution
		HideSolutionNode = FALSE
	EndGlobalSection
	GlobalSection(ExtensibilityGlobals) = postSolution
		SolutionGuid = {F45A1ECF-CF65-41AC-9C99-72D9E1DBD340}
	EndGlobalSection
EndGlobal
